// !$*UTF8*$!
{
	archiveVersion = 1;
	classes = {
	};
	objectVersion = 46;
	objects = {

/* Begin PBXBuildFile section */
		958A3EF7B89DAC3775579B38 /* Pods_CardSelector.framework in Frameworks */ = {isa = PBXBuildFile; fileRef = E40E44BB5E796BFC035D9F11 /* Pods_CardSelector.framework */; };
		B52581411D258CDF001CB6BC /* LaunchScreen.storyboard in Resources */ = {isa = PBXBuildFile; fileRef = B52581401D258CDF001CB6BC /* LaunchScreen.storyboard */; };
		B52581471D26DAFD001CB6BC /* CCUserViewModel.swift in Sources */ = {isa = PBXBuildFile; fileRef = B52581461D26DAFD001CB6BC /* CCUserViewModel.swift */; };
		B52581491D271B87001CB6BC /* CCUser.swift in Sources */ = {isa = PBXBuildFile; fileRef = B52581481D271B87001CB6BC /* CCUser.swift */; };
		B52581521D2B3EEA001CB6BC /* PlacesViewController.swift in Sources */ = {isa = PBXBuildFile; fileRef = B52581511D2B3EEA001CB6BC /* PlacesViewController.swift */; };
		B527EF781D2DAFB7002A24AC /* UIView+VisualEffects.swift in Sources */ = {isa = PBXBuildFile; fileRef = B527EF771D2DAFB7002A24AC /* UIView+VisualEffects.swift */; };
		B527EF7B1D2DCD23002A24AC /* MarkerInfoView.swift in Sources */ = {isa = PBXBuildFile; fileRef = B527EF7A1D2DCD23002A24AC /* MarkerInfoView.swift */; };
		B527EF7D1D2DCD3B002A24AC /* MarkerInfoView.xib in Resources */ = {isa = PBXBuildFile; fileRef = B527EF7C1D2DCD3B002A24AC /* MarkerInfoView.xib */; };
		B527EF7F1D2DD95F002A24AC /* CCPlace.swift in Sources */ = {isa = PBXBuildFile; fileRef = B527EF7E1D2DD95F002A24AC /* CCPlace.swift */; };
		B527EF831D2DE474002A24AC /* CCCoordinateTransform.swift in Sources */ = {isa = PBXBuildFile; fileRef = B527EF821D2DE474002A24AC /* CCCoordinateTransform.swift */; };
		B527EF851D2DE9A0002A24AC /* CCPlaceMarker.swift in Sources */ = {isa = PBXBuildFile; fileRef = B527EF841D2DE9A0002A24AC /* CCPlaceMarker.swift */; };
		B527EF871D2EC5DB002A24AC /* CCPlaceTypeTransformer.swift in Sources */ = {isa = PBXBuildFile; fileRef = B527EF861D2EC5DB002A24AC /* CCPlaceTypeTransformer.swift */; };
		B56511141D207980002CD3AF /* AppDelegate.swift in Sources */ = {isa = PBXBuildFile; fileRef = B56511131D207980002CD3AF /* AppDelegate.swift */; };
		B56511161D207980002CD3AF /* LoginViewController.swift in Sources */ = {isa = PBXBuildFile; fileRef = B56511151D207980002CD3AF /* LoginViewController.swift */; };
		B56511191D207980002CD3AF /* Login.storyboard in Resources */ = {isa = PBXBuildFile; fileRef = B56511171D207980002CD3AF /* Login.storyboard */; };
		B565111B1D207980002CD3AF /* Assets.xcassets in Resources */ = {isa = PBXBuildFile; fileRef = B565111A1D207980002CD3AF /* Assets.xcassets */; };
		B597B7F01D20828A00E62371 /* GoogleService-Info.plist in Resources */ = {isa = PBXBuildFile; fileRef = B597B7EF1D20828A00E62371 /* GoogleService-Info.plist */; };
		B597B7F31D23326500E62371 /* SessionManager.swift in Sources */ = {isa = PBXBuildFile; fileRef = B597B7F21D23326500E62371 /* SessionManager.swift */; };
		B597B7F51D2333CC00E62371 /* NavigationManager.swift in Sources */ = {isa = PBXBuildFile; fileRef = B597B7F41D2333CC00E62371 /* NavigationManager.swift */; };
		B597B7FE1D233EE100E62371 /* Main.storyboard in Resources */ = {isa = PBXBuildFile; fileRef = B597B7FD1D233EE100E62371 /* Main.storyboard */; };
		B597B8011D24547B00E62371 /* ProfileViewController.swift in Sources */ = {isa = PBXBuildFile; fileRef = B597B8001D24547B00E62371 /* ProfileViewController.swift */; };
		B5BF10961D35F5A2008BDF33 /* CardCell.swift in Sources */ = {isa = PBXBuildFile; fileRef = B5BF10941D35F5A2008BDF33 /* CardCell.swift */; };
		B5BF10971D35F5A2008BDF33 /* CardCell.xib in Resources */ = {isa = PBXBuildFile; fileRef = B5BF10951D35F5A2008BDF33 /* CardCell.xib */; };
		B5BF10991D35F78F008BDF33 /* CCCard.swift in Sources */ = {isa = PBXBuildFile; fileRef = B5BF10981D35F78F008BDF33 /* CCCard.swift */; };
		B5BF109B1D35F8B9008BDF33 /* CCBank.swift in Sources */ = {isa = PBXBuildFile; fileRef = B5BF109A1D35F8B9008BDF33 /* CCBank.swift */; };
		B5BF109E1D35FBE7008BDF33 /* CCCardType.swift in Sources */ = {isa = PBXBuildFile; fileRef = B5BF109D1D35FBE7008BDF33 /* CCCardType.swift */; };
		B5BF10A01D3600FC008BDF33 /* CCCardProgram.swift in Sources */ = {isa = PBXBuildFile; fileRef = B5BF109F1D3600FC008BDF33 /* CCCardProgram.swift */; };
		B5BF10A21D360183008BDF33 /* CCCardLevel.swift in Sources */ = {isa = PBXBuildFile; fileRef = B5BF10A11D360183008BDF33 /* CCCardLevel.swift */; };
		B5E2666D1D2F015C0051756C /* CCPlaceType.swift in Sources */ = {isa = PBXBuildFile; fileRef = B5E2666C1D2F015C0051756C /* CCPlaceType.swift */; };
		B5E2666F1D2F08930051756C /* CCPlaceViewModel.swift in Sources */ = {isa = PBXBuildFile; fileRef = B5E2666E1D2F08930051756C /* CCPlaceViewModel.swift */; };
		B5E266721D2F11480051756C /* CCPlaceService.swift in Sources */ = {isa = PBXBuildFile; fileRef = B5E266711D2F11480051756C /* CCPlaceService.swift */; };
		B5E266741D2F11C10051756C /* APIClient.swift in Sources */ = {isa = PBXBuildFile; fileRef = B5E266731D2F11C10051756C /* APIClient.swift */; };
		B5E266771D2F137A0051756C /* CCPlaceRouter.swift in Sources */ = {isa = PBXBuildFile; fileRef = B5E266761D2F137A0051756C /* CCPlaceRouter.swift */; };
		B5E2667A1D2F1E190051756C /* AlamofireExtensions.swift in Sources */ = {isa = PBXBuildFile; fileRef = B5E266791D2F1E190051756C /* AlamofireExtensions.swift */; };
		B5E266831D33905F0051756C /* MyCardsViewController.swift in Sources */ = {isa = PBXBuildFile; fileRef = B5E266821D33905F0051756C /* MyCardsViewController.swift */; };
/* End PBXBuildFile section */

/* Begin PBXFileReference section */
		A59E791DB60357784C1D810E /* Pods-CardSelector.release.xcconfig */ = {isa = PBXFileReference; includeInIndex = 1; lastKnownFileType = text.xcconfig; name = "Pods-CardSelector.release.xcconfig"; path = "Pods/Target Support Files/Pods-CardSelector/Pods-CardSelector.release.xcconfig"; sourceTree = "<group>"; };
		B52581401D258CDF001CB6BC /* LaunchScreen.storyboard */ = {isa = PBXFileReference; fileEncoding = 4; lastKnownFileType = file.storyboard; path = LaunchScreen.storyboard; sourceTree = "<group>"; };
		B52581461D26DAFD001CB6BC /* CCUserViewModel.swift */ = {isa = PBXFileReference; fileEncoding = 4; lastKnownFileType = sourcecode.swift; path = CCUserViewModel.swift; sourceTree = "<group>"; };
		B52581481D271B87001CB6BC /* CCUser.swift */ = {isa = PBXFileReference; fileEncoding = 4; lastKnownFileType = sourcecode.swift; path = CCUser.swift; sourceTree = "<group>"; };
		B52581511D2B3EEA001CB6BC /* PlacesViewController.swift */ = {isa = PBXFileReference; fileEncoding = 4; lastKnownFileType = sourcecode.swift; path = PlacesViewController.swift; sourceTree = "<group>"; };
		B527EF771D2DAFB7002A24AC /* UIView+VisualEffects.swift */ = {isa = PBXFileReference; fileEncoding = 4; lastKnownFileType = sourcecode.swift; path = "UIView+VisualEffects.swift"; sourceTree = "<group>"; };
		B527EF7A1D2DCD23002A24AC /* MarkerInfoView.swift */ = {isa = PBXFileReference; fileEncoding = 4; lastKnownFileType = sourcecode.swift; path = MarkerInfoView.swift; sourceTree = "<group>"; };
		B527EF7C1D2DCD3B002A24AC /* MarkerInfoView.xib */ = {isa = PBXFileReference; fileEncoding = 4; lastKnownFileType = file.xib; path = MarkerInfoView.xib; sourceTree = "<group>"; };
		B527EF7E1D2DD95F002A24AC /* CCPlace.swift */ = {isa = PBXFileReference; fileEncoding = 4; lastKnownFileType = sourcecode.swift; path = CCPlace.swift; sourceTree = "<group>"; };
		B527EF821D2DE474002A24AC /* CCCoordinateTransform.swift */ = {isa = PBXFileReference; fileEncoding = 4; lastKnownFileType = sourcecode.swift; path = CCCoordinateTransform.swift; sourceTree = "<group>"; };
		B527EF841D2DE9A0002A24AC /* CCPlaceMarker.swift */ = {isa = PBXFileReference; fileEncoding = 4; lastKnownFileType = sourcecode.swift; path = CCPlaceMarker.swift; sourceTree = "<group>"; };
		B527EF861D2EC5DB002A24AC /* CCPlaceTypeTransformer.swift */ = {isa = PBXFileReference; fileEncoding = 4; lastKnownFileType = sourcecode.swift; path = CCPlaceTypeTransformer.swift; sourceTree = "<group>"; };
		B56511101D20797F002CD3AF /* CardSelector.app */ = {isa = PBXFileReference; explicitFileType = wrapper.application; includeInIndex = 0; path = CardSelector.app; sourceTree = BUILT_PRODUCTS_DIR; };
		B56511131D207980002CD3AF /* AppDelegate.swift */ = {isa = PBXFileReference; lastKnownFileType = sourcecode.swift; path = AppDelegate.swift; sourceTree = "<group>"; };
		B56511151D207980002CD3AF /* LoginViewController.swift */ = {isa = PBXFileReference; lastKnownFileType = sourcecode.swift; path = LoginViewController.swift; sourceTree = "<group>"; };
		B56511181D207980002CD3AF /* Base */ = {isa = PBXFileReference; lastKnownFileType = file.storyboard; name = Base; path = Base.lproj/Login.storyboard; sourceTree = "<group>"; };
		B565111A1D207980002CD3AF /* Assets.xcassets */ = {isa = PBXFileReference; lastKnownFileType = folder.assetcatalog; path = Assets.xcassets; sourceTree = "<group>"; };
		B565111F1D207980002CD3AF /* Info.plist */ = {isa = PBXFileReference; lastKnownFileType = text.plist.xml; path = Info.plist; sourceTree = "<group>"; };
		B597B7EF1D20828A00E62371 /* GoogleService-Info.plist */ = {isa = PBXFileReference; fileEncoding = 4; lastKnownFileType = text.plist.xml; path = "GoogleService-Info.plist"; sourceTree = "<group>"; };
		B597B7F21D23326500E62371 /* SessionManager.swift */ = {isa = PBXFileReference; fileEncoding = 4; lastKnownFileType = sourcecode.swift; path = SessionManager.swift; sourceTree = "<group>"; };
		B597B7F41D2333CC00E62371 /* NavigationManager.swift */ = {isa = PBXFileReference; fileEncoding = 4; lastKnownFileType = sourcecode.swift; path = NavigationManager.swift; sourceTree = "<group>"; };
		B597B7FD1D233EE100E62371 /* Main.storyboard */ = {isa = PBXFileReference; fileEncoding = 4; lastKnownFileType = file.storyboard; path = Main.storyboard; sourceTree = "<group>"; };
		B597B8001D24547B00E62371 /* ProfileViewController.swift */ = {isa = PBXFileReference; fileEncoding = 4; lastKnownFileType = sourcecode.swift; path = ProfileViewController.swift; sourceTree = "<group>"; };
		B5BF10941D35F5A2008BDF33 /* CardCell.swift */ = {isa = PBXFileReference; fileEncoding = 4; lastKnownFileType = sourcecode.swift; path = CardCell.swift; sourceTree = "<group>"; };
		B5BF10951D35F5A2008BDF33 /* CardCell.xib */ = {isa = PBXFileReference; fileEncoding = 4; lastKnownFileType = file.xib; path = CardCell.xib; sourceTree = "<group>"; };
		B5BF10981D35F78F008BDF33 /* CCCard.swift */ = {isa = PBXFileReference; fileEncoding = 4; lastKnownFileType = sourcecode.swift; path = CCCard.swift; sourceTree = "<group>"; };
		B5BF109A1D35F8B9008BDF33 /* CCBank.swift */ = {isa = PBXFileReference; fileEncoding = 4; lastKnownFileType = sourcecode.swift; path = CCBank.swift; sourceTree = "<group>"; };
		B5BF109D1D35FBE7008BDF33 /* CCCardType.swift */ = {isa = PBXFileReference; fileEncoding = 4; lastKnownFileType = sourcecode.swift; path = CCCardType.swift; sourceTree = "<group>"; };
		B5BF109F1D3600FC008BDF33 /* CCCardProgram.swift */ = {isa = PBXFileReference; fileEncoding = 4; lastKnownFileType = sourcecode.swift; path = CCCardProgram.swift; sourceTree = "<group>"; };
		B5BF10A11D360183008BDF33 /* CCCardLevel.swift */ = {isa = PBXFileReference; fileEncoding = 4; lastKnownFileType = sourcecode.swift; path = CCCardLevel.swift; sourceTree = "<group>"; };
		B5E2666C1D2F015C0051756C /* CCPlaceType.swift */ = {isa = PBXFileReference; fileEncoding = 4; lastKnownFileType = sourcecode.swift; path = CCPlaceType.swift; sourceTree = "<group>"; };
		B5E2666E1D2F08930051756C /* CCPlaceViewModel.swift */ = {isa = PBXFileReference; fileEncoding = 4; lastKnownFileType = sourcecode.swift; path = CCPlaceViewModel.swift; sourceTree = "<group>"; };
		B5E266711D2F11480051756C /* CCPlaceService.swift */ = {isa = PBXFileReference; fileEncoding = 4; lastKnownFileType = sourcecode.swift; path = CCPlaceService.swift; sourceTree = "<group>"; };
		B5E266731D2F11C10051756C /* APIClient.swift */ = {isa = PBXFileReference; fileEncoding = 4; lastKnownFileType = sourcecode.swift; path = APIClient.swift; sourceTree = "<group>"; };
		B5E266761D2F137A0051756C /* CCPlaceRouter.swift */ = {isa = PBXFileReference; fileEncoding = 4; lastKnownFileType = sourcecode.swift; path = CCPlaceRouter.swift; sourceTree = "<group>"; };
		B5E266791D2F1E190051756C /* AlamofireExtensions.swift */ = {isa = PBXFileReference; fileEncoding = 4; lastKnownFileType = sourcecode.swift; path = AlamofireExtensions.swift; sourceTree = "<group>"; };
		B5E266821D33905F0051756C /* MyCardsViewController.swift */ = {isa = PBXFileReference; fileEncoding = 4; lastKnownFileType = sourcecode.swift; path = MyCardsViewController.swift; sourceTree = "<group>"; };
		CFFA4674F87EF22999DD41B8 /* Pods-CardSelector.debug.xcconfig */ = {isa = PBXFileReference; includeInIndex = 1; lastKnownFileType = text.xcconfig; name = "Pods-CardSelector.debug.xcconfig"; path = "Pods/Target Support Files/Pods-CardSelector/Pods-CardSelector.debug.xcconfig"; sourceTree = "<group>"; };
		E40E44BB5E796BFC035D9F11 /* Pods_CardSelector.framework */ = {isa = PBXFileReference; explicitFileType = wrapper.framework; includeInIndex = 0; path = Pods_CardSelector.framework; sourceTree = BUILT_PRODUCTS_DIR; };
/* End PBXFileReference section */

/* Begin PBXFrameworksBuildPhase section */
		B565110D1D20797F002CD3AF /* Frameworks */ = {
			isa = PBXFrameworksBuildPhase;
			buildActionMask = 2147483647;
			files = (
				958A3EF7B89DAC3775579B38 /* Pods_CardSelector.framework in Frameworks */,
			);
			runOnlyForDeploymentPostprocessing = 0;
		};
/* End PBXFrameworksBuildPhase section */

/* Begin PBXGroup section */
		06C3B459FFCCDE33603187EE /* Pods */ = {
			isa = PBXGroup;
			children = (
				CFFA4674F87EF22999DD41B8 /* Pods-CardSelector.debug.xcconfig */,
				A59E791DB60357784C1D810E /* Pods-CardSelector.release.xcconfig */,
			);
			name = Pods;
			sourceTree = "<group>";
		};
		A8281DAC7FC6108F33FF6C30 /* Frameworks */ = {
			isa = PBXGroup;
			children = (
				E40E44BB5E796BFC035D9F11 /* Pods_CardSelector.framework */,
			);
			name = Frameworks;
			sourceTree = "<group>";
		};
		B527EF761D2DAF99002A24AC /* Extensions */ = {
			isa = PBXGroup;
			children = (
				B527EF771D2DAFB7002A24AC /* UIView+VisualEffects.swift */,
			);
			name = Extensions;
			sourceTree = "<group>";
		};
		B527EF791D2DCCE3002A24AC /* CustomViews */ = {
			isa = PBXGroup;
			children = (
				B527EF7A1D2DCD23002A24AC /* MarkerInfoView.swift */,
				B527EF7C1D2DCD3B002A24AC /* MarkerInfoView.xib */,
				B5BF10941D35F5A2008BDF33 /* CardCell.swift */,
				B5BF10951D35F5A2008BDF33 /* CardCell.xib */,
			);
			name = CustomViews;
			sourceTree = "<group>";
		};
		B527EF811D2DE45B002A24AC /* Transformers */ = {
			isa = PBXGroup;
			children = (
				B527EF821D2DE474002A24AC /* CCCoordinateTransform.swift */,
				B527EF861D2EC5DB002A24AC /* CCPlaceTypeTransformer.swift */,
			);
			name = Transformers;
			sourceTree = "<group>";
		};
		B56511071D20797F002CD3AF = {
			isa = PBXGroup;
			children = (
				B56511121D207980002CD3AF /* CardSelector */,
				B56511111D20797F002CD3AF /* Products */,
				06C3B459FFCCDE33603187EE /* Pods */,
				A8281DAC7FC6108F33FF6C30 /* Frameworks */,
				B597B7EF1D20828A00E62371 /* GoogleService-Info.plist */,
			);
			sourceTree = "<group>";
		};
		B56511111D20797F002CD3AF /* Products */ = {
			isa = PBXGroup;
			children = (
				B56511101D20797F002CD3AF /* CardSelector.app */,
			);
			name = Products;
			sourceTree = "<group>";
		};
		B56511121D207980002CD3AF /* CardSelector */ = {
			isa = PBXGroup;
			children = (
				B5E266751D2F13650051756C /* Routers */,
				B5E266701D2F112E0051756C /* Services */,
				B597B7FF1D24545900E62371 /* Views */,
				B597B7FC1D233EC700E62371 /* Storyboards */,
				B597B7F91D233AF600E62371 /* Business */,
				B597B7F61D23358D00E62371 /* Models */,
				B597B7F11D23325000E62371 /* Managers */,
				B56511131D207980002CD3AF /* AppDelegate.swift */,
				B565111A1D207980002CD3AF /* Assets.xcassets */,
				B565111F1D207980002CD3AF /* Info.plist */,
			);
			path = CardSelector;
			sourceTree = "<group>";
		};
		B597B7F11D23325000E62371 /* Managers */ = {
			isa = PBXGroup;
			children = (
				B597B7F21D23326500E62371 /* SessionManager.swift */,
				B597B7F41D2333CC00E62371 /* NavigationManager.swift */,
			);
			name = Managers;
			sourceTree = "<group>";
		};
		B597B7F61D23358D00E62371 /* Models */ = {
			isa = PBXGroup;
			children = (
				B5BF109C1D35FBC3008BDF33 /* Card */,
				B527EF811D2DE45B002A24AC /* Transformers */,
				B52581481D271B87001CB6BC /* CCUser.swift */,
				B527EF7E1D2DD95F002A24AC /* CCPlace.swift */,
				B527EF841D2DE9A0002A24AC /* CCPlaceMarker.swift */,
				B5E2666C1D2F015C0051756C /* CCPlaceType.swift */,
			);
			name = Models;
			sourceTree = "<group>";
		};
		B597B7F91D233AF600E62371 /* Business */ = {
			isa = PBXGroup;
			children = (
				B52581461D26DAFD001CB6BC /* CCUserViewModel.swift */,
				B5E2666E1D2F08930051756C /* CCPlaceViewModel.swift */,
			);
			name = Business;
			sourceTree = "<group>";
		};
		B597B7FC1D233EC700E62371 /* Storyboards */ = {
			isa = PBXGroup;
			children = (
				B56511171D207980002CD3AF /* Login.storyboard */,
				B597B7FD1D233EE100E62371 /* Main.storyboard */,
				B52581401D258CDF001CB6BC /* LaunchScreen.storyboard */,
			);
			name = Storyboards;
			sourceTree = "<group>";
		};
		B597B7FF1D24545900E62371 /* Views */ = {
			isa = PBXGroup;
			children = (
				B527EF791D2DCCE3002A24AC /* CustomViews */,
				B527EF761D2DAF99002A24AC /* Extensions */,
				B56511151D207980002CD3AF /* LoginViewController.swift */,
				B597B8001D24547B00E62371 /* ProfileViewController.swift */,
				B52581511D2B3EEA001CB6BC /* PlacesViewController.swift */,
				B5E266821D33905F0051756C /* MyCardsViewController.swift */,
			);
			name = Views;
			sourceTree = "<group>";
		};
		B5BF109C1D35FBC3008BDF33 /* Card */ = {
			isa = PBXGroup;
			children = (
				B5BF10981D35F78F008BDF33 /* CCCard.swift */,
				B5BF109A1D35F8B9008BDF33 /* CCBank.swift */,
				B5BF109D1D35FBE7008BDF33 /* CCCardType.swift */,
				B5BF109F1D3600FC008BDF33 /* CCCardProgram.swift */,
				B5BF10A11D360183008BDF33 /* CCCardLevel.swift */,
			);
			name = Card;
			sourceTree = "<group>";
		};
		B5E266701D2F112E0051756C /* Services */ = {
			isa = PBXGroup;
			children = (
				B5E266781D2F1E090051756C /* Extensions */,
				B5E266711D2F11480051756C /* CCPlaceService.swift */,
				B5E266731D2F11C10051756C /* APIClient.swift */,
			);
			name = Services;
			sourceTree = "<group>";
		};
		B5E266751D2F13650051756C /* Routers */ = {
			isa = PBXGroup;
			children = (
				B5E266761D2F137A0051756C /* CCPlaceRouter.swift */,
			);
			name = Routers;
			sourceTree = "<group>";
		};
		B5E266781D2F1E090051756C /* Extensions */ = {
			isa = PBXGroup;
			children = (
				B5E266791D2F1E190051756C /* AlamofireExtensions.swift */,
			);
			name = Extensions;
			sourceTree = "<group>";
		};
/* End PBXGroup section */

/* Begin PBXNativeTarget section */
		B565110F1D20797F002CD3AF /* CardSelector */ = {
			isa = PBXNativeTarget;
			buildConfigurationList = B56511221D207980002CD3AF /* Build configuration list for PBXNativeTarget "CardSelector" */;
			buildPhases = (
				F1A7E4064A5627C1513855A4 /* [CP] Check Pods Manifest.lock */,
				B565110C1D20797F002CD3AF /* Sources */,
				B565110D1D20797F002CD3AF /* Frameworks */,
				B565110E1D20797F002CD3AF /* Resources */,
				8110E5B62FBB4EBE5CFF84F1 /* [CP] Embed Pods Frameworks */,
				60B893A51BEE466D43C926DF /* [CP] Copy Pods Resources */,
			);
			buildRules = (
			);
			dependencies = (
			);
			name = CardSelector;
			productName = CardSelector;
			productReference = B56511101D20797F002CD3AF /* CardSelector.app */;
			productType = "com.apple.product-type.application";
		};
/* End PBXNativeTarget section */

/* Begin PBXProject section */
		B56511081D20797F002CD3AF /* Project object */ = {
			isa = PBXProject;
			attributes = {
				LastSwiftUpdateCheck = 0730;
				LastUpgradeCheck = 0730;
				ORGANIZATIONNAME = ABC;
				TargetAttributes = {
					B565110F1D20797F002CD3AF = {
						CreatedOnToolsVersion = 7.3.1;
						DevelopmentTeam = LHJA6J73E9;
					};
				};
			};
			buildConfigurationList = B565110B1D20797F002CD3AF /* Build configuration list for PBXProject "CardSelector" */;
			compatibilityVersion = "Xcode 3.2";
			developmentRegion = English;
			hasScannedForEncodings = 0;
			knownRegions = (
				en,
				Base,
			);
			mainGroup = B56511071D20797F002CD3AF;
			productRefGroup = B56511111D20797F002CD3AF /* Products */;
			projectDirPath = "";
			projectRoot = "";
			targets = (
				B565110F1D20797F002CD3AF /* CardSelector */,
			);
		};
/* End PBXProject section */

/* Begin PBXResourcesBuildPhase section */
		B565110E1D20797F002CD3AF /* Resources */ = {
			isa = PBXResourcesBuildPhase;
			buildActionMask = 2147483647;
			files = (
				B597B7FE1D233EE100E62371 /* Main.storyboard in Resources */,
				B597B7F01D20828A00E62371 /* GoogleService-Info.plist in Resources */,
				B565111B1D207980002CD3AF /* Assets.xcassets in Resources */,
				B5BF10971D35F5A2008BDF33 /* CardCell.xib in Resources */,
				B52581411D258CDF001CB6BC /* LaunchScreen.storyboard in Resources */,
				B527EF7D1D2DCD3B002A24AC /* MarkerInfoView.xib in Resources */,
				B56511191D207980002CD3AF /* Login.storyboard in Resources */,
			);
			runOnlyForDeploymentPostprocessing = 0;
		};
/* End PBXResourcesBuildPhase section */

/* Begin PBXShellScriptBuildPhase section */
		60B893A51BEE466D43C926DF /* [CP] Copy Pods Resources */ = {
			isa = PBXShellScriptBuildPhase;
			buildActionMask = 2147483647;
			files = (
			);
			inputPaths = (
			);
			name = "[CP] Copy Pods Resources";
			outputPaths = (
			);
			runOnlyForDeploymentPostprocessing = 0;
			shellPath = /bin/sh;
			shellScript = "\"${SRCROOT}/Pods/Target Support Files/Pods-CardSelector/Pods-CardSelector-resources.sh\"\n";
			showEnvVarsInLog = 0;
		};
		8110E5B62FBB4EBE5CFF84F1 /* [CP] Embed Pods Frameworks */ = {
			isa = PBXShellScriptBuildPhase;
			buildActionMask = 2147483647;
			files = (
			);
			inputPaths = (
			);
			name = "[CP] Embed Pods Frameworks";
			outputPaths = (
			);
			runOnlyForDeploymentPostprocessing = 0;
			shellPath = /bin/sh;
			shellScript = "\"${SRCROOT}/Pods/Target Support Files/Pods-CardSelector/Pods-CardSelector-frameworks.sh\"\n";
			showEnvVarsInLog = 0;
		};
		F1A7E4064A5627C1513855A4 /* [CP] Check Pods Manifest.lock */ = {
			isa = PBXShellScriptBuildPhase;
			buildActionMask = 2147483647;
			files = (
			);
			inputPaths = (
			);
			name = "[CP] Check Pods Manifest.lock";
			outputPaths = (
			);
			runOnlyForDeploymentPostprocessing = 0;
			shellPath = /bin/sh;
			shellScript = "diff \"${PODS_ROOT}/../Podfile.lock\" \"${PODS_ROOT}/Manifest.lock\" > /dev/null\nif [[ $? != 0 ]] ; then\n    cat << EOM\nerror: The sandbox is not in sync with the Podfile.lock. Run 'pod install' or update your CocoaPods installation.\nEOM\n    exit 1\nfi\n";
			showEnvVarsInLog = 0;
		};
/* End PBXShellScriptBuildPhase section */

/* Begin PBXSourcesBuildPhase section */
		B565110C1D20797F002CD3AF /* Sources */ = {
			isa = PBXSourcesBuildPhase;
			buildActionMask = 2147483647;
			files = (
				B597B8011D24547B00E62371 /* ProfileViewController.swift in Sources */,
				B56511161D207980002CD3AF /* LoginViewController.swift in Sources */,
				B527EF7F1D2DD95F002A24AC /* CCPlace.swift in Sources */,
				B527EF851D2DE9A0002A24AC /* CCPlaceMarker.swift in Sources */,
				B597B7F51D2333CC00E62371 /* NavigationManager.swift in Sources */,
				B52581491D271B87001CB6BC /* CCUser.swift in Sources */,
				B56511141D207980002CD3AF /* AppDelegate.swift in Sources */,
				B5BF109E1D35FBE7008BDF33 /* CCCardType.swift in Sources */,
				B5BF10961D35F5A2008BDF33 /* CardCell.swift in Sources */,
				B5E2666D1D2F015C0051756C /* CCPlaceType.swift in Sources */,
				B52581521D2B3EEA001CB6BC /* PlacesViewController.swift in Sources */,
				B527EF781D2DAFB7002A24AC /* UIView+VisualEffects.swift in Sources */,
				B5BF10A21D360183008BDF33 /* CCCardLevel.swift in Sources */,
				B527EF831D2DE474002A24AC /* CCCoordinateTransform.swift in Sources */,
				B5E266831D33905F0051756C /* MyCardsViewController.swift in Sources */,
				B52581471D26DAFD001CB6BC /* CCUserViewModel.swift in Sources */,
				B5E2666F1D2F08930051756C /* CCPlaceViewModel.swift in Sources */,
				B527EF7B1D2DCD23002A24AC /* MarkerInfoView.swift in Sources */,
				B527EF871D2EC5DB002A24AC /* CCPlaceTypeTransformer.swift in Sources */,
				B5BF109B1D35F8B9008BDF33 /* CCBank.swift in Sources */,
				B5E266771D2F137A0051756C /* CCPlaceRouter.swift in Sources */,
				B5BF10991D35F78F008BDF33 /* CCCard.swift in Sources */,
				B597B7F31D23326500E62371 /* SessionManager.swift in Sources */,
				B5BF10A01D3600FC008BDF33 /* CCCardProgram.swift in Sources */,
				B5E266721D2F11480051756C /* CCPlaceService.swift in Sources */,
				B5E266741D2F11C10051756C /* APIClient.swift in Sources */,
				B5E2667A1D2F1E190051756C /* AlamofireExtensions.swift in Sources */,
			);
			runOnlyForDeploymentPostprocessing = 0;
		};
/* End PBXSourcesBuildPhase section */

/* Begin PBXVariantGroup section */
		B56511171D207980002CD3AF /* Login.storyboard */ = {
			isa = PBXVariantGroup;
			children = (
				B56511181D207980002CD3AF /* Base */,
			);
			name = Login.storyboard;
			sourceTree = "<group>";
		};
/* End PBXVariantGroup section */

/* Begin XCBuildConfiguration section */
		B56511201D207980002CD3AF /* Debug */ = {
			isa = XCBuildConfiguration;
			buildSettings = {
				ALWAYS_SEARCH_USER_PATHS = NO;
				CLANG_ANALYZER_NONNULL = YES;
				CLANG_CXX_LANGUAGE_STANDARD = "gnu++0x";
				CLANG_CXX_LIBRARY = "libc++";
				CLANG_ENABLE_MODULES = YES;
				CLANG_ENABLE_OBJC_ARC = YES;
				CLANG_WARN_BOOL_CONVERSION = YES;
				CLANG_WARN_CONSTANT_CONVERSION = YES;
				CLANG_WARN_DIRECT_OBJC_ISA_USAGE = YES_ERROR;
				CLANG_WARN_EMPTY_BODY = YES;
				CLANG_WARN_ENUM_CONVERSION = YES;
				CLANG_WARN_INT_CONVERSION = YES;
				CLANG_WARN_OBJC_ROOT_CLASS = YES_ERROR;
				CLANG_WARN_UNREACHABLE_CODE = YES;
				CLANG_WARN__DUPLICATE_METHOD_MATCH = YES;
				"CODE_SIGN_IDENTITY[sdk=iphoneos*]" = "iPhone Developer";
				COPY_PHASE_STRIP = NO;
				DEBUG_INFORMATION_FORMAT = dwarf;
				ENABLE_STRICT_OBJC_MSGSEND = YES;
				ENABLE_TESTABILITY = YES;
				GCC_C_LANGUAGE_STANDARD = gnu99;
				GCC_DYNAMIC_NO_PIC = NO;
				GCC_NO_COMMON_BLOCKS = YES;
				GCC_OPTIMIZATION_LEVEL = 0;
				GCC_PREPROCESSOR_DEFINITIONS = (
					"DEBUG=1",
					"$(inherited)",
				);
				GCC_WARN_64_TO_32_BIT_CONVERSION = YES;
				GCC_WARN_ABOUT_RETURN_TYPE = YES_ERROR;
				GCC_WARN_UNDECLARED_SELECTOR = YES;
				GCC_WARN_UNINITIALIZED_AUTOS = YES_AGGRESSIVE;
				GCC_WARN_UNUSED_FUNCTION = YES;
				GCC_WARN_UNUSED_VARIABLE = YES;
				IPHONEOS_DEPLOYMENT_TARGET = 9.3;
				MTL_ENABLE_DEBUG_INFO = YES;
				ONLY_ACTIVE_ARCH = YES;
				SDKROOT = iphoneos;
				SWIFT_OPTIMIZATION_LEVEL = "-Onone";
			};
			name = Debug;
		};
		B56511211D207980002CD3AF /* Release */ = {
			isa = XCBuildConfiguration;
			buildSettings = {
				ALWAYS_SEARCH_USER_PATHS = NO;
				CLANG_ANALYZER_NONNULL = YES;
				CLANG_CXX_LANGUAGE_STANDARD = "gnu++0x";
				CLANG_CXX_LIBRARY = "libc++";
				CLANG_ENABLE_MODULES = YES;
				CLANG_ENABLE_OBJC_ARC = YES;
				CLANG_WARN_BOOL_CONVERSION = YES;
				CLANG_WARN_CONSTANT_CONVERSION = YES;
				CLANG_WARN_DIRECT_OBJC_ISA_USAGE = YES_ERROR;
				CLANG_WARN_EMPTY_BODY = YES;
				CLANG_WARN_ENUM_CONVERSION = YES;
				CLANG_WARN_INT_CONVERSION = YES;
				CLANG_WARN_OBJC_ROOT_CLASS = YES_ERROR;
				CLANG_WARN_UNREACHABLE_CODE = YES;
				CLANG_WARN__DUPLICATE_METHOD_MATCH = YES;
				"CODE_SIGN_IDENTITY[sdk=iphoneos*]" = "iPhone Developer";
				COPY_PHASE_STRIP = NO;
				DEBUG_INFORMATION_FORMAT = "dwarf-with-dsym";
				ENABLE_NS_ASSERTIONS = NO;
				ENABLE_STRICT_OBJC_MSGSEND = YES;
				GCC_C_LANGUAGE_STANDARD = gnu99;
				GCC_NO_COMMON_BLOCKS = YES;
				GCC_WARN_64_TO_32_BIT_CONVERSION = YES;
				GCC_WARN_ABOUT_RETURN_TYPE = YES_ERROR;
				GCC_WARN_UNDECLARED_SELECTOR = YES;
				GCC_WARN_UNINITIALIZED_AUTOS = YES_AGGRESSIVE;
				GCC_WARN_UNUSED_FUNCTION = YES;
				GCC_WARN_UNUSED_VARIABLE = YES;
				IPHONEOS_DEPLOYMENT_TARGET = 9.3;
				MTL_ENABLE_DEBUG_INFO = NO;
				SDKROOT = iphoneos;
				VALIDATE_PRODUCT = YES;
			};
			name = Release;
		};
		B56511231D207980002CD3AF /* Debug */ = {
			isa = XCBuildConfiguration;
			baseConfigurationReference = CFFA4674F87EF22999DD41B8 /* Pods-CardSelector.debug.xcconfig */;
			buildSettings = {
				ASSETCATALOG_COMPILER_APPICON_NAME = AppIcon;
				CLANG_ENABLE_MODULES = YES;
				CODE_SIGN_IDENTITY = "iPhone Developer";
				"CODE_SIGN_IDENTITY[sdk=iphoneos*]" = "iPhone Developer";
				INFOPLIST_FILE = CardSelector/Info.plist;
				LD_RUNPATH_SEARCH_PATHS = "$(inherited) @executable_path/Frameworks";
				PRODUCT_BUNDLE_IDENTIFIER = com.abc.CardSelector;
				PRODUCT_NAME = "$(TARGET_NAME)";
				PROVISIONING_PROFILE = "";
				SWIFT_OBJC_BRIDGING_HEADER = "";
				SWIFT_OPTIMIZATION_LEVEL = "-Onone";
			};
			name = Debug;
		};
		B56511241D207980002CD3AF /* Release */ = {
			isa = XCBuildConfiguration;
			baseConfigurationReference = A59E791DB60357784C1D810E /* Pods-CardSelector.release.xcconfig */;
			buildSettings = {
				ASSETCATALOG_COMPILER_APPICON_NAME = AppIcon;
				CLANG_ENABLE_MODULES = YES;
				CODE_SIGN_IDENTITY = "iPhone Developer";
				"CODE_SIGN_IDENTITY[sdk=iphoneos*]" = "iPhone Developer";
				INFOPLIST_FILE = CardSelector/Info.plist;
				LD_RUNPATH_SEARCH_PATHS = "$(inherited) @executable_path/Frameworks";
				PRODUCT_BUNDLE_IDENTIFIER = com.abc.CardSelector;
				PRODUCT_NAME = "$(TARGET_NAME)";
				PROVISIONING_PROFILE = "";
				SWIFT_OBJC_BRIDGING_HEADER = "";
			};
			name = Release;
		};
/* End XCBuildConfiguration section */

/* Begin XCConfigurationList section */
		B565110B1D20797F002CD3AF /* Build configuration list for PBXProject "CardSelector" */ = {
			isa = XCConfigurationList;
			buildConfigurations = (
				B56511201D207980002CD3AF /* Debug */,
				B56511211D207980002CD3AF /* Release */,
			);
			defaultConfigurationIsVisible = 0;
			defaultConfigurationName = Release;
		};
		B56511221D207980002CD3AF /* Build configuration list for PBXNativeTarget "CardSelector" */ = {
			isa = XCConfigurationList;
			buildConfigurations = (
				B56511231D207980002CD3AF /* Debug */,
				B56511241D207980002CD3AF /* Release */,
			);
			defaultConfigurationIsVisible = 0;
			defaultConfigurationName = Release;
		};
/* End XCConfigurationList section */
	};
	rootObject = B56511081D20797F002CD3AF /* Project object */;
}
