// !$*UTF8*$!
{
	archiveVersion = 1;
	classes = {
	};
	objectVersion = 46;
	objects = {

/* Begin PBXBuildFile section */
		958A3EF7B89DAC3775579B38 /* Pods_CardSelector.framework in Frameworks */ = {isa = PBXBuildFile; fileRef = E40E44BB5E796BFC035D9F11 /* Pods_CardSelector.framework */; };
		B56511141D207980002CD3AF /* AppDelegate.swift in Sources */ = {isa = PBXBuildFile; fileRef = B56511131D207980002CD3AF /* AppDelegate.swift */; };
		B56511161D207980002CD3AF /* ViewController.swift in Sources */ = {isa = PBXBuildFile; fileRef = B56511151D207980002CD3AF /* ViewController.swift */; };
		B56511191D207980002CD3AF /* Login.storyboard in Resources */ = {isa = PBXBuildFile; fileRef = B56511171D207980002CD3AF /* Login.storyboard */; };
		B565111B1D207980002CD3AF /* Assets.xcassets in Resources */ = {isa = PBXBuildFile; fileRef = B565111A1D207980002CD3AF /* Assets.xcassets */; };
		B565111E1D207980002CD3AF /* LaunchScreen.storyboard in Resources */ = {isa = PBXBuildFile; fileRef = B565111C1D207980002CD3AF /* LaunchScreen.storyboard */; };
		B597B7F01D20828A00E62371 /* GoogleService-Info.plist in Resources */ = {isa = PBXBuildFile; fileRef = B597B7EF1D20828A00E62371 /* GoogleService-Info.plist */; };
/* End PBXBuildFile section */

/* Begin PBXFileReference section */
		A59E791DB60357784C1D810E /* Pods-CardSelector.release.xcconfig */ = {isa = PBXFileReference; includeInIndex = 1; lastKnownFileType = text.xcconfig; name = "Pods-CardSelector.release.xcconfig"; path = "Pods/Target Support Files/Pods-CardSelector/Pods-CardSelector.release.xcconfig"; sourceTree = "<group>"; };
		B56511101D20797F002CD3AF /* CardSelector.app */ = {isa = PBXFileReference; explicitFileType = wrapper.application; includeInIndex = 0; path = CardSelector.app; sourceTree = BUILT_PRODUCTS_DIR; };
		B56511131D207980002CD3AF /* AppDelegate.swift */ = {isa = PBXFileReference; lastKnownFileType = sourcecode.swift; path = AppDelegate.swift; sourceTree = "<group>"; };
		B56511151D207980002CD3AF /* ViewController.swift */ = {isa = PBXFileReference; lastKnownFileType = sourcecode.swift; path = ViewController.swift; sourceTree = "<group>"; };
		B56511181D207980002CD3AF /* Base */ = {isa = PBXFileReference; lastKnownFileType = file.storyboard; name = Base; path = Base.lproj/Login.storyboard; sourceTree = "<group>"; };
		B565111A1D207980002CD3AF /* Assets.xcassets */ = {isa = PBXFileReference; lastKnownFileType = folder.assetcatalog; path = Assets.xcassets; sourceTree = "<group>"; };
		B565111D1D207980002CD3AF /* Base */ = {isa = PBXFileReference; lastKnownFileType = file.storyboard; name = Base; path = Base.lproj/LaunchScreen.storyboard; sourceTree = "<group>"; };
		B565111F1D207980002CD3AF /* Info.plist */ = {isa = PBXFileReference; lastKnownFileType = text.plist.xml; path = Info.plist; sourceTree = "<group>"; };
		B597B7EF1D20828A00E62371 /* GoogleService-Info.plist */ = {isa = PBXFileReference; fileEncoding = 4; lastKnownFileType = text.plist.xml; path = "GoogleService-Info.plist"; sourceTree = "<group>"; };
		CFFA4674F87EF22999DD41B8 /* Pods-CardSelector.debug.xcconfig */ = {isa = PBXFileReference; includeInIndex = 1; lastKnownFileType = text.xcconfig; name = "Pods-CardSelector.debug.xcconfig"; path = "Pods/Target Support Files/Pods-CardSelector/Pods-CardSelector.debug.xcconfig"; sourceTree = "<group>"; };
		E40E44BB5E796BFC035D9F11 /* Pods_CardSelector.framework */ = {isa = PBXFileReference; explicitFileType = wrapper.framework; includeInIndex = 0; path = Pods_CardSelector.framework; sourceTree = BUILT_PRODUCTS_DIR; };
/* End PBXFileReference section */

/* Begin PBXFrameworksBuildPhase section */
		B565110D1D20797F002CD3AF /* Frameworks */ = {
			isa = PBXFrameworksBuildPhase;
			buildActionMask = 2147483647;
			files = (
				958A3EF7B89DAC3775579B38 /* Pods_CardSelector.framework in Frameworks */,
			);
			runOnlyForDeploymentPostprocessing = 0;
		};
/* End PBXFrameworksBuildPhase section */

/* Begin PBXGroup section */
		06C3B459FFCCDE33603187EE /* Pods */ = {
			isa = PBXGroup;
			children = (
				CFFA4674F87EF22999DD41B8 /* Pods-CardSelector.debug.xcconfig */,
				A59E791DB60357784C1D810E /* Pods-CardSelector.release.xcconfig */,
			);
			name = Pods;
			sourceTree = "<group>";
		};
		A8281DAC7FC6108F33FF6C30 /* Frameworks */ = {
			isa = PBXGroup;
			children = (
				E40E44BB5E796BFC035D9F11 /* Pods_CardSelector.framework */,
			);
			name = Frameworks;
			sourceTree = "<group>";
		};
		B56511071D20797F002CD3AF = {
			isa = PBXGroup;
			children = (
				B56511121D207980002CD3AF /* CardSelector */,
				B56511111D20797F002CD3AF /* Products */,
				06C3B459FFCCDE33603187EE /* Pods */,
				A8281DAC7FC6108F33FF6C30 /* Frameworks */,
				B597B7EF1D20828A00E62371 /* GoogleService-Info.plist */,
			);
			sourceTree = "<group>";
		};
		B56511111D20797F002CD3AF /* Products */ = {
			isa = PBXGroup;
			children = (
				B56511101D20797F002CD3AF /* CardSelector.app */,
			);
			name = Products;
			sourceTree = "<group>";
		};
		B56511121D207980002CD3AF /* CardSelector */ = {
			isa = PBXGroup;
			children = (
				B56511131D207980002CD3AF /* AppDelegate.swift */,
				B56511151D207980002CD3AF /* ViewController.swift */,
				B56511171D207980002CD3AF /* Login.storyboard */,
				B565111A1D207980002CD3AF /* Assets.xcassets */,
				B565111C1D207980002CD3AF /* LaunchScreen.storyboard */,
				B565111F1D207980002CD3AF /* Info.plist */,
			);
			path = CardSelector;
			sourceTree = "<group>";
		};
/* End PBXGroup section */

/* Begin PBXNativeTarget section */
		B565110F1D20797F002CD3AF /* CardSelector */ = {
			isa = PBXNativeTarget;
			buildConfigurationList = B56511221D207980002CD3AF /* Build configuration list for PBXNativeTarget "CardSelector" */;
			buildPhases = (
				F1A7E4064A5627C1513855A4 /* [CP] Check Pods Manifest.lock */,
				B565110C1D20797F002CD3AF /* Sources */,
				B565110D1D20797F002CD3AF /* Frameworks */,
				B565110E1D20797F002CD3AF /* Resources */,
				8110E5B62FBB4EBE5CFF84F1 /* [CP] Embed Pods Frameworks */,
				60B893A51BEE466D43C926DF /* [CP] Copy Pods Resources */,
			);
			buildRules = (
			);
			dependencies = (
			);
			name = CardSelector;
			productName = CardSelector;
			productReference = B56511101D20797F002CD3AF /* CardSelector.app */;
			productType = "com.apple.product-type.application";
		};
/* End PBXNativeTarget section */

/* Begin PBXProject section */
		B56511081D20797F002CD3AF /* Project object */ = {
			isa = PBXProject;
			attributes = {
				LastSwiftUpdateCheck = 0730;
				LastUpgradeCheck = 0730;
				ORGANIZATIONNAME = ABC;
				TargetAttributes = {
					B565110F1D20797F002CD3AF = {
						CreatedOnToolsVersion = 7.3.1;
						DevelopmentTeam = LHJA6J73E9;
					};
				};
			};
			buildConfigurationList = B565110B1D20797F002CD3AF /* Build configuration list for PBXProject "CardSelector" */;
			compatibilityVersion = "Xcode 3.2";
			developmentRegion = English;
			hasScannedForEncodings = 0;
			knownRegions = (
				en,
				Base,
			);
			mainGroup = B56511071D20797F002CD3AF;
			productRefGroup = B56511111D20797F002CD3AF /* Products */;
			projectDirPath = "";
			projectRoot = "";
			targets = (
				B565110F1D20797F002CD3AF /* CardSelector */,
			);
		};
/* End PBXProject section */

/* Begin PBXResourcesBuildPhase section */
		B565110E1D20797F002CD3AF /* Resources */ = {
			isa = PBXResourcesBuildPhase;
			buildActionMask = 2147483647;
			files = (
				B565111E1D207980002CD3AF /* LaunchScreen.storyboard in Resources */,
				B597B7F01D20828A00E62371 /* GoogleService-Info.plist in Resources */,
				B565111B1D207980002CD3AF /* Assets.xcassets in Resources */,
				B56511191D207980002CD3AF /* Login.storyboard in Resources */,
			);
			runOnlyForDeploymentPostprocessing = 0;
		};
/* End PBXResourcesBuildPhase section */

/* Begin PBXShellScriptBuildPhase section */
		60B893A51BEE466D43C926DF /* [CP] Copy Pods Resources */ = {
			isa = PBXShellScriptBuildPhase;
			buildActionMask = 2147483647;
			files = (
			);
			inputPaths = (
			);
			name = "[CP] Copy Pods Resources";
			outputPaths = (
			);
			runOnlyForDeploymentPostprocessing = 0;
			shellPath = /bin/sh;
			shellScript = "\"${SRCROOT}/Pods/Target Support Files/Pods-CardSelector/Pods-CardSelector-resources.sh\"\n";
			showEnvVarsInLog = 0;
		};
		8110E5B62FBB4EBE5CFF84F1 /* [CP] Embed Pods Frameworks */ = {
			isa = PBXShellScriptBuildPhase;
			buildActionMask = 2147483647;
			files = (
			);
			inputPaths = (
			);
			name = "[CP] Embed Pods Frameworks";
			outputPaths = (
			);
			runOnlyForDeploymentPostprocessing = 0;
			shellPath = /bin/sh;
			shellScript = "\"${SRCROOT}/Pods/Target Support Files/Pods-CardSelector/Pods-CardSelector-frameworks.sh\"\n";
			showEnvVarsInLog = 0;
		};
		F1A7E4064A5627C1513855A4 /* [CP] Check Pods Manifest.lock */ = {
			isa = PBXShellScriptBuildPhase;
			buildActionMask = 2147483647;
			files = (
			);
			inputPaths = (
			);
			name = "[CP] Check Pods Manifest.lock";
			outputPaths = (
			);
			runOnlyForDeploymentPostprocessing = 0;
			shellPath = /bin/sh;
			shellScript = "diff \"${PODS_ROOT}/../Podfile.lock\" \"${PODS_ROOT}/Manifest.lock\" > /dev/null\nif [[ $? != 0 ]] ; then\n    cat << EOM\nerror: The sandbox is not in sync with the Podfile.lock. Run 'pod install' or update your CocoaPods installation.\nEOM\n    exit 1\nfi\n";
			showEnvVarsInLog = 0;
		};
/* End PBXShellScriptBuildPhase section */

/* Begin PBXSourcesBuildPhase section */
		B565110C1D20797F002CD3AF /* Sources */ = {
			isa = PBXSourcesBuildPhase;
			buildActionMask = 2147483647;
			files = (
				B56511161D207980002CD3AF /* ViewController.swift in Sources */,
				B56511141D207980002CD3AF /* AppDelegate.swift in Sources */,
			);
			runOnlyForDeploymentPostprocessing = 0;
		};
/* End PBXSourcesBuildPhase section */

/* Begin PBXVariantGroup section */
		B56511171D207980002CD3AF /* Login.storyboard */ = {
			isa = PBXVariantGroup;
			children = (
				B56511181D207980002CD3AF /* Base */,
			);
			name = Login.storyboard;
			sourceTree = "<group>";
		};
		B565111C1D207980002CD3AF /* LaunchScreen.storyboard */ = {
			isa = PBXVariantGroup;
			children = (
				B565111D1D207980002CD3AF /* Base */,
			);
			name = LaunchScreen.storyboard;
			sourceTree = "<group>";
		};
/* End PBXVariantGroup section */

/* Begin XCBuildConfiguration section */
		B56511201D207980002CD3AF /* Debug */ = {
			isa = XCBuildConfiguration;
			buildSettings = {
				ALWAYS_SEARCH_USER_PATHS = NO;
				CLANG_ANALYZER_NONNULL = YES;
				CLANG_CXX_LANGUAGE_STANDARD = "gnu++0x";
				CLANG_CXX_LIBRARY = "libc++";
				CLANG_ENABLE_MODULES = YES;
				CLANG_ENABLE_OBJC_ARC = YES;
				CLANG_WARN_BOOL_CONVERSION = YES;
				CLANG_WARN_CONSTANT_CONVERSION = YES;
				CLANG_WARN_DIRECT_OBJC_ISA_USAGE = YES_ERROR;
				CLANG_WARN_EMPTY_BODY = YES;
				CLANG_WARN_ENUM_CONVERSION = YES;
				CLANG_WARN_INT_CONVERSION = YES;
				CLANG_WARN_OBJC_ROOT_CLASS = YES_ERROR;
				CLANG_WARN_UNREACHABLE_CODE = YES;
				CLANG_WARN__DUPLICATE_METHOD_MATCH = YES;
				"CODE_SIGN_IDENTITY[sdk=iphoneos*]" = "iPhone Developer";
				COPY_PHASE_STRIP = NO;
				DEBUG_INFORMATION_FORMAT = dwarf;
				ENABLE_STRICT_OBJC_MSGSEND = YES;
				ENABLE_TESTABILITY = YES;
				GCC_C_LANGUAGE_STANDARD = gnu99;
				GCC_DYNAMIC_NO_PIC = NO;
				GCC_NO_COMMON_BLOCKS = YES;
				GCC_OPTIMIZATION_LEVEL = 0;
				GCC_PREPROCESSOR_DEFINITIONS = (
					"DEBUG=1",
					"$(inherited)",
				);
				GCC_WARN_64_TO_32_BIT_CONVERSION = YES;
				GCC_WARN_ABOUT_RETURN_TYPE = YES_ERROR;
				GCC_WARN_UNDECLARED_SELECTOR = YES;
				GCC_WARN_UNINITIALIZED_AUTOS = YES_AGGRESSIVE;
				GCC_WARN_UNUSED_FUNCTION = YES;
				GCC_WARN_UNUSED_VARIABLE = YES;
				IPHONEOS_DEPLOYMENT_TARGET = 9.3;
				MTL_ENABLE_DEBUG_INFO = YES;
				ONLY_ACTIVE_ARCH = YES;
				SDKROOT = iphoneos;
				SWIFT_OPTIMIZATION_LEVEL = "-Onone";
			};
			name = Debug;
		};
		B56511211D207980002CD3AF /* Release */ = {
			isa = XCBuildConfiguration;
			buildSettings = {
				ALWAYS_SEARCH_USER_PATHS = NO;
				CLANG_ANALYZER_NONNULL = YES;
				CLANG_CXX_LANGUAGE_STANDARD = "gnu++0x";
				CLANG_CXX_LIBRARY = "libc++";
				CLANG_ENABLE_MODULES = YES;
				CLANG_ENABLE_OBJC_ARC = YES;
				CLANG_WARN_BOOL_CONVERSION = YES;
				CLANG_WARN_CONSTANT_CONVERSION = YES;
				CLANG_WARN_DIRECT_OBJC_ISA_USAGE = YES_ERROR;
				CLANG_WARN_EMPTY_BODY = YES;
				CLANG_WARN_ENUM_CONVERSION = YES;
				CLANG_WARN_INT_CONVERSION = YES;
				CLANG_WARN_OBJC_ROOT_CLASS = YES_ERROR;
				CLANG_WARN_UNREACHABLE_CODE = YES;
				CLANG_WARN__DUPLICATE_METHOD_MATCH = YES;
				"CODE_SIGN_IDENTITY[sdk=iphoneos*]" = "iPhone Developer";
				COPY_PHASE_STRIP = NO;
				DEBUG_INFORMATION_FORMAT = "dwarf-with-dsym";
				ENABLE_NS_ASSERTIONS = NO;
				ENABLE_STRICT_OBJC_MSGSEND = YES;
				GCC_C_LANGUAGE_STANDARD = gnu99;
				GCC_NO_COMMON_BLOCKS = YES;
				GCC_WARN_64_TO_32_BIT_CONVERSION = YES;
				GCC_WARN_ABOUT_RETURN_TYPE = YES_ERROR;
				GCC_WARN_UNDECLARED_SELECTOR = YES;
				GCC_WARN_UNINITIALIZED_AUTOS = YES_AGGRESSIVE;
				GCC_WARN_UNUSED_FUNCTION = YES;
				GCC_WARN_UNUSED_VARIABLE = YES;
				IPHONEOS_DEPLOYMENT_TARGET = 9.3;
				MTL_ENABLE_DEBUG_INFO = NO;
				SDKROOT = iphoneos;
				VALIDATE_PRODUCT = YES;
			};
			name = Release;
		};
		B56511231D207980002CD3AF /* Debug */ = {
			isa = XCBuildConfiguration;
			baseConfigurationReference = CFFA4674F87EF22999DD41B8 /* Pods-CardSelector.debug.xcconfig */;
			buildSettings = {
				ASSETCATALOG_COMPILER_APPICON_NAME = AppIcon;
				CODE_SIGN_IDENTITY = "iPhone Developer";
				"CODE_SIGN_IDENTITY[sdk=iphoneos*]" = "iPhone Developer";
				INFOPLIST_FILE = CardSelector/Info.plist;
				LD_RUNPATH_SEARCH_PATHS = "$(inherited) @executable_path/Frameworks";
				PRODUCT_BUNDLE_IDENTIFIER = com.abc.CardSelector;
				PRODUCT_NAME = "$(TARGET_NAME)";
				PROVISIONING_PROFILE = "";
			};
			name = Debug;
		};
		B56511241D207980002CD3AF /* Release */ = {
			isa = XCBuildConfiguration;
			baseConfigurationReference = A59E791DB60357784C1D810E /* Pods-CardSelector.release.xcconfig */;
			buildSettings = {
				ASSETCATALOG_COMPILER_APPICON_NAME = AppIcon;
				CODE_SIGN_IDENTITY = "iPhone Developer";
				"CODE_SIGN_IDENTITY[sdk=iphoneos*]" = "iPhone Developer";
				INFOPLIST_FILE = CardSelector/Info.plist;
				LD_RUNPATH_SEARCH_PATHS = "$(inherited) @executable_path/Frameworks";
				PRODUCT_BUNDLE_IDENTIFIER = com.abc.CardSelector;
				PRODUCT_NAME = "$(TARGET_NAME)";
				PROVISIONING_PROFILE = "";
			};
			name = Release;
		};
/* End XCBuildConfiguration section */

/* Begin XCConfigurationList section */
		B565110B1D20797F002CD3AF /* Build configuration list for PBXProject "CardSelector" */ = {
			isa = XCConfigurationList;
			buildConfigurations = (
				B56511201D207980002CD3AF /* Debug */,
				B56511211D207980002CD3AF /* Release */,
			);
			defaultConfigurationIsVisible = 0;
			defaultConfigurationName = Release;
		};
		B56511221D207980002CD3AF /* Build configuration list for PBXNativeTarget "CardSelector" */ = {
			isa = XCConfigurationList;
			buildConfigurations = (
				B56511231D207980002CD3AF /* Debug */,
				B56511241D207980002CD3AF /* Release */,
			);
			defaultConfigurationIsVisible = 0;
			defaultConfigurationName = Release;
		};
/* End XCConfigurationList section */
	};
	rootObject = B56511081D20797F002CD3AF /* Project object */;
}
